
Microsoft Visual Studio Solution File, Format Version 12.00
# Visual Studio Version 17
VisualStudioVersion = 17.7.34031.279
MinimumVisualStudioVersion = 10.0.40219.1
Project("{9A19103F-16F7-4668-BE54-9A1E7A4F7556}") = "Addition", "Addition\Addition.csproj", "{AE77837E-D7D8-4824-8308-6FD78691BCB9}"
EndProject
Global
	GlobalSection(SolutionConfigurationPlatforms) = preSolution
		Debug|Any CPU = Debug|Any CPU
		Release|Any CPU = Release|Any CPU
	EndGlobalSection
	GlobalSection(ProjectConfigurationPlatforms) = postSolution
		{AE77837E-D7D8-4824-8308-6FD78691BCB9}.Debug|Any CPU.ActiveCfg = Debug|Any CPU
		{AE77837E-D7D8-4824-8308-6FD78691BCB9}.Debug|Any CPU.Build.0 = Debug|Any CPU
		{AE77837E-D7D8-4824-8308-6FD78691BCB9}.Release|Any CPU.ActiveCfg = Release|Any CPU
		{AE77837E-D7D8-4824-8308-6FD78691BCB9}.Release|Any CPU.Build.0 = Release|Any CPU
	EndGlobalSection
	GlobalSection(SolutionProperties) = preSolution
		HideSolutionNode = FALSE
	EndGlobalSection
	GlobalSection(ExtensibilityGlobals) = postSolution
		SolutionGuid = {7404D211-4657-4C98-9D63-0FA0D6C768B5}
	EndGlobalSection
EndGlobal
